
Microsoft Visual Studio Solution File, Format Version 12.00
# Visual Studio Version 17
VisualStudioVersion = 17.6.33815.320
MinimumVisualStudioVersion = 10.0.40219.1
Project("{FAE04EC0-301F-11D3-BF4B-00C04F79EFBC}") = "Casgem_RapidApi", "Casgem_RapidApi\Casgem_RapidApi.csproj", "{5194F60D-9E67-4CD1-8826-649808223680}"
EndProject
Global
	GlobalSection(SolutionConfigurationPlatforms) = preSolution
		Debug|Any CPU = Debug|Any CPU
		Release|Any CPU = Release|Any CPU
	EndGlobalSection
	GlobalSection(ProjectConfigurationPlatforms) = postSolution
		{5194F60D-9E67-4CD1-8826-649808223680}.Debug|Any CPU.ActiveCfg = Debug|Any CPU
		{5194F60D-9E67-4CD1-8826-649808223680}.Debug|Any CPU.Build.0 = Debug|Any CPU
		{5194F60D-9E67-4CD1-8826-649808223680}.Release|Any CPU.ActiveCfg = Release|Any CPU
		{5194F60D-9E67-4CD1-8826-649808223680}.Release|Any CPU.Build.0 = Release|Any CPU
	EndGlobalSection
	GlobalSection(SolutionProperties) = preSolution
		HideSolutionNode = FALSE
	EndGlobalSection
	GlobalSection(ExtensibilityGlobals) = postSolution
		SolutionGuid = {773CCE15-00D5-4A3C-A12C-461B693DDEA7}
	EndGlobalSection
EndGlobal
